{
  "nodes": {
    "ctile": {
      "inputs": {
        "nixpkgs": [
          "nixpkgs"
        ]
      },
      "locked": {
        "lastModified": 1669925594,
        "narHash": "sha256-ogDwcJyFCS8WJpqUa9IuMKIsePCExbFkmC9tG4W8ONs=",
        "ref": "refs/heads/master",
        "rev": "72d6916db3b8aa9aa519183a76b4f16ca635eabe",
        "revCount": 56,
        "type": "git",
        "url": "https://gitlab.com/pogobanane/gnome-ctile.git"
      },
      "original": {
        "type": "git",
        "url": "https://gitlab.com/pogobanane/gnome-ctile.git"
      }
    },
    "discord-tar": {
      "flake": false,
      "locked": {
        "narHash": "sha256-rcUV19Y6Tk/0aazTHUiBKRMiXQyS5eFi4QZgvRr570I=",
        "type": "file",
        "url": "https://discord.com/api/download?format=tar.gz&platform=linux"
      },
      "original": {
        "type": "file",
        "url": "https://discord.com/api/download?format=tar.gz&platform=linux"
      }
    },
    "fenix": {
      "inputs": {
        "nixpkgs": "nixpkgs",
        "rust-analyzer-src": "rust-analyzer-src"
      },
      "locked": {
        "lastModified": 1638426247,
        "narHash": "sha256-EYiJfv3LaACTMgJa55M0Oluq1Em/eW3BfQr/oYZQP1g=",
        "owner": "nix-community",
        "repo": "fenix",
        "rev": "b3e5ce9985c380c8fe1b9d14879a14b749d1af51",
        "type": "github"
      },
      "original": {
        "owner": "nix-community",
        "repo": "fenix",
        "rev": "b3e5ce9985c380c8fe1b9d14879a14b749d1af51",
        "type": "github"
      }
    },
    "fenix_2": {
      "inputs": {
        "nixpkgs": [
          "lambda-pirate",
          "nixpkgs"
        ],
        "rust-analyzer-src": "rust-analyzer-src_2"
      },
      "locked": {
        "lastModified": 1643264637,
        "narHash": "sha256-jR8Cke8Ukj0ZcpmHaz+TcpUzL5O1xtiEinzbvx4PMfU=",
        "owner": "nix-community",
        "repo": "fenix",
        "rev": "51cf29a5c001389a5781b4115315dd2012590551",
        "type": "github"
      },
      "original": {
        "owner": "nix-community",
        "repo": "fenix",
        "type": "github"
      }
    },
    "flake-utils": {
      "locked": {
        "lastModified": 1667395993,
        "narHash": "sha256-nuEHfE/LcWyuSWnS8t12N1wc105Qtau+/OdUAjtQ0rA=",
        "owner": "numtide",
        "repo": "flake-utils",
        "rev": "5aed5285a952e0b949eb3ba02c12fa4fcfef535f",
        "type": "github"
      },
      "original": {
        "owner": "numtide",
        "repo": "flake-utils",
        "type": "github"
      }
    },
    "flake-utils_2": {
      "locked": {
        "lastModified": 1642700792,
        "narHash": "sha256-XqHrk7hFb+zBvRg6Ghl+AZDq03ov6OshJLiSWOoX5es=",
        "owner": "numtide",
        "repo": "flake-utils",
        "rev": "846b2ae0fc4cc943637d3d1def4454213e203cba",
        "type": "github"
      },
      "original": {
        "owner": "numtide",
        "repo": "flake-utils",
        "type": "github"
      }
    },
    "flake-utils_3": {
      "locked": {
        "lastModified": 1659877975,
        "narHash": "sha256-zllb8aq3YO3h8B/U0/J1WBgAL8EX5yWf5pMj3G0NAmc=",
        "owner": "numtide",
        "repo": "flake-utils",
        "rev": "c0e246b9b83f637f4681389ecabcb2681b4f3af0",
        "type": "github"
      },
      "original": {
        "owner": "numtide",
        "repo": "flake-utils",
        "type": "github"
      }
    },
    "home-manager": {
      "inputs": {
        "nixpkgs": [
          "nixpkgs"
        ],
        "utils": "utils"
      },
      "locked": {
        "lastModified": 1672244468,
        "narHash": "sha256-xaZb8AZqoXRCSqPusCk4ouf+fUNP8UJdafmMTF1Ltlw=",
        "owner": "nix-community",
        "repo": "home-manager",
        "rev": "89a8ba0b5b43b3350ff2e3ef37b66736b2ef8706",
        "type": "github"
      },
      "original": {
        "owner": "nix-community",
        "ref": "release-22.11",
        "repo": "home-manager",
        "type": "github"
      }
    },
    "lambda-pirate": {
      "inputs": {
        "fenix": "fenix_2",
        "flake-utils": "flake-utils_2",
        "nixpkgs": [
          "nixpkgs"
        ]
      },
      "locked": {
        "lastModified": 1644844632,
        "narHash": "sha256-nMHz089ymz6lrudTviaODcCFAylT/b/03cNBrCCNUho=",
        "owner": "pogobanane",
        "repo": "lambda-pirate",
        "rev": "b92bcdd8ce0352e5d87b2eb626e1c75dd49ab1a1",
        "type": "github"
      },
      "original": {
        "owner": "pogobanane",
        "repo": "lambda-pirate",
        "type": "github"
      }
    },
    "nixos-hardware": {
      "locked": {
        "lastModified": 1673440569,
        "narHash": "sha256-FQ5o0yI+MH9MgfseeGDsVIIpIqv3BCgq+0NzncuZ9Zo=",
        "owner": "NixOS",
        "repo": "nixos-hardware",
        "rev": "88016c96c3c338aa801695cdd9f186820bcfe4d6",
        "type": "github"
      },
      "original": {
        "owner": "NixOS",
        "ref": "master",
        "repo": "nixos-hardware",
        "type": "github"
      }
    },
    "nixpkgs": {
      "locked": {
        "lastModified": 1638376152,
        "narHash": "sha256-ucgLpVqhFnClH7YRUHBHnmiOd82RZdFR3XJt36ks5fE=",
        "owner": "nixos",
        "repo": "nixpkgs",
        "rev": "6daa4a5c045d40e6eae60a3b6e427e8700f1c07f",
        "type": "github"
      },
      "original": {
        "owner": "nixos",
        "ref": "nixos-unstable",
        "repo": "nixpkgs",
        "type": "github"
      }
    },
    "nixpkgs-22_05": {
      "locked": {
        "lastModified": 1656955776,
        "narHash": "sha256-1aMu67m+orlGxVwfiX3RxTEVFoq/RmKa/L5u9zU3UNQ=",
        "owner": "NixOS",
        "repo": "nixpkgs",
        "rev": "cc16da2c92041cbe817c40f62aac87c99104e9c2",
        "type": "github"
      },
      "original": {
        "owner": "NixOS",
        "ref": "release-22.05",
        "repo": "nixpkgs",
        "type": "github"
      }
    },
    "nixpkgs_2": {
      "locked": {
        "lastModified": 1673345971,
        "narHash": "sha256-4DfFcKLRfVUTyuGrGNNmw37IeIZSoku9tgTVmu/iD98=",
        "owner": "Nixos",
        "repo": "nixpkgs",
        "rev": "54644f409ab471e87014bb305eac8c50190bcf48",
        "type": "github"
      },
      "original": {
        "owner": "Nixos",
        "ref": "nixos-22.11",
        "repo": "nixpkgs",
        "type": "github"
      }
    },
    "nixpkgs_3": {
      "locked": {
        "lastModified": 1664642704,
        "narHash": "sha256-+t1N3pE2ofXS+t6rK0sVJwg4pCNW9VUQpQM/Rs9xXDI=",
        "owner": "NixOS",
        "repo": "nixpkgs",
        "rev": "85106f3741545a818b16e9dd04232115f946948c",
        "type": "github"
      },
      "original": {
        "owner": "NixOS",
        "repo": "nixpkgs",
        "type": "github"
      }
    },
    "nur": {
      "locked": {
        "lastModified": 1673500866,
        "narHash": "sha256-MrzvPUnCqtt6G43DcBDU0O+cnB0lhH9btZIIZnjYAJ8=",
        "owner": "nix-community",
        "repo": "NUR",
        "rev": "619e73b02a9a539a2449e5384c6d4c5863f3c5aa",
        "type": "github"
      },
      "original": {
        "owner": "nix-community",
        "repo": "NUR",
        "type": "github"
      }
    },
    "retiolum": {
      "locked": {
        "lastModified": 1673179209,
        "narHash": "sha256-PdLZP0t0uqS4BtjliycbocaKCOtoQKWyU23RNXB5S4k=",
        "owner": "Mic92",
        "repo": "retiolum",
        "rev": "c14fce792b32470f1a26b4aaa24c1602a6c688a1",
        "type": "github"
      },
      "original": {
        "owner": "Mic92",
        "repo": "retiolum",
        "type": "github"
      }
    },
    "root": {
      "inputs": {
        "ctile": "ctile",
        "discord-tar": "discord-tar",
        "fenix": "fenix",
        "flake-utils": "flake-utils",
        "home-manager": "home-manager",
        "lambda-pirate": "lambda-pirate",
        "nixos-hardware": "nixos-hardware",
        "nixpkgs": "nixpkgs_2",
        "nur": "nur",
        "retiolum": "retiolum",
        "sops-nix": "sops-nix",
        "tex2nix": "tex2nix",
        "unstablepkgs": "unstablepkgs"
      }
    },
    "rust-analyzer-src": {
      "flake": false,
      "locked": {
        "lastModified": 1638362177,
        "narHash": "sha256-f502pAc90mJ9WcU7/lv0TfCm22PMtM55Kw4BF4SGjNk=",
        "owner": "rust-analyzer",
        "repo": "rust-analyzer",
        "rev": "4691a0647b2c96cc475d8bbe7c31fe194d1443e7",
        "type": "github"
      },
      "original": {
        "owner": "rust-analyzer",
        "ref": "nightly",
        "repo": "rust-analyzer",
        "type": "github"
      }
    },
    "rust-analyzer-src_2": {
      "flake": false,
      "locked": {
        "lastModified": 1643220707,
        "narHash": "sha256-XMBer+U/1WqPu25aJs/LkMxrnJnEKiezsAtfSpkkPik=",
        "owner": "rust-analyzer",
        "repo": "rust-analyzer",
        "rev": "e149a15edd354dd0f995532d16a3e8dc21367e06",
        "type": "github"
      },
      "original": {
        "owner": "rust-analyzer",
        "ref": "nightly",
        "repo": "rust-analyzer",
        "type": "github"
      }
    },
    "sops-nix": {
      "inputs": {
        "nixpkgs": [
          "nixpkgs"
        ],
        "nixpkgs-22_05": "nixpkgs-22_05"
      },
      "locked": {
        "lastModified": 1673786104,
        "narHash": "sha256-sGPefrC4mUXs0jiIPEBEn172Gw43colmn7G8MMAStUg=",
        "owner": "pogobanane",
        "repo": "sops-nix",
        "rev": "6e1fda673165cbe9820303a555116edf9579b6c9",
        "type": "github"
      },
      "original": {
        "owner": "pogobanane",
        "ref": "feat/home-manager-darwin",
        "repo": "sops-nix",
        "type": "github"
      }
    },
    "tex2nix": {
      "inputs": {
        "flake-utils": "flake-utils_3",
        "nixpkgs": "nixpkgs_3"
      },
      "locked": {
        "lastModified": 1671620613,
        "narHash": "sha256-QJaDy+y77/XiSMGxcV029gnDRgjakUfr+PrZNJDtQC8=",
        "owner": "Mic92",
        "repo": "tex2nix",
        "rev": "9ec1c0cd8eecf938f4954c53755c4564679486d9",
        "type": "github"
      },
      "original": {
        "owner": "Mic92",
        "repo": "tex2nix",
        "type": "github"
      }
    },
    "unstablepkgs": {
      "locked": {
        "lastModified": 1673315479,
        "narHash": "sha256-GNCFRtDHjTygXGJp/H+f2XQPMGxpYSmNiibIqYzihtM=",
        "owner": "Nixos",
        "repo": "nixpkgs",
        "rev": "c07552f6f7d4eead7806645ec03f7f1eb71ba6bd",
        "type": "github"
      },
      "original": {
        "owner": "Nixos",
        "ref": "nixos-unstable",
        "repo": "nixpkgs",
        "type": "github"
      }
    },
    "utils": {
      "locked": {
        "lastModified": 1667395993,
        "narHash": "sha256-nuEHfE/LcWyuSWnS8t12N1wc105Qtau+/OdUAjtQ0rA=",
        "owner": "numtide",
        "repo": "flake-utils",
        "rev": "5aed5285a952e0b949eb3ba02c12fa4fcfef535f",
        "type": "github"
      },
      "original": {
        "owner": "numtide",
        "repo": "flake-utils",
        "type": "github"
      }
    }
  },
  "root": "root",
  "version": 7
}
