{
  "nodes": {
    "ctile": {
      "inputs": {
        "nixpkgs": [
          "nixpkgs"
        ]
      },
      "locked": {
        "lastModified": 1669925594,
        "narHash": "sha256-ogDwcJyFCS8WJpqUa9IuMKIsePCExbFkmC9tG4W8ONs=",
        "ref": "refs/heads/master",
        "rev": "72d6916db3b8aa9aa519183a76b4f16ca635eabe",
        "revCount": 56,
        "type": "git",
        "url": "https://gitlab.com/pogobanane/gnome-ctile.git"
      },
      "original": {
        "type": "git",
        "url": "https://gitlab.com/pogobanane/gnome-ctile.git"
      }
    },
    "discord-tar": {
      "flake": false,
      "locked": {
        "narHash": "sha256-qPK+A3zvmoemWF+FL0VJSZO+s/zbkgZvUs4zNMpH9yA=",
        "type": "tarball",
        "url": "https://discord.com/api/download?format=tar.gz&platform=linux"
      },
      "original": {
        "type": "tarball",
        "url": "https://discord.com/api/download?format=tar.gz&platform=linux"
      }
    },
    "fenix": {
      "inputs": {
        "nixpkgs": "nixpkgs",
        "rust-analyzer-src": "rust-analyzer-src"
      },
      "locked": {
        "lastModified": 1638426247,
        "narHash": "sha256-EYiJfv3LaACTMgJa55M0Oluq1Em/eW3BfQr/oYZQP1g=",
        "owner": "nix-community",
        "repo": "fenix",
        "rev": "b3e5ce9985c380c8fe1b9d14879a14b749d1af51",
        "type": "github"
      },
      "original": {
        "owner": "nix-community",
        "repo": "fenix",
        "rev": "b3e5ce9985c380c8fe1b9d14879a14b749d1af51",
        "type": "github"
      }
    },
    "fenix_2": {
      "inputs": {
        "nixpkgs": [
          "lambda-pirate",
          "nixpkgs"
        ],
        "rust-analyzer-src": "rust-analyzer-src_2"
      },
      "locked": {
        "lastModified": 1643264637,
        "narHash": "sha256-jR8Cke8Ukj0ZcpmHaz+TcpUzL5O1xtiEinzbvx4PMfU=",
        "owner": "nix-community",
        "repo": "fenix",
        "rev": "51cf29a5c001389a5781b4115315dd2012590551",
        "type": "github"
      },
      "original": {
        "owner": "nix-community",
        "repo": "fenix",
        "type": "github"
      }
    },
    "flake-utils": {
      "locked": {
        "lastModified": 1667395993,
        "narHash": "sha256-nuEHfE/LcWyuSWnS8t12N1wc105Qtau+/OdUAjtQ0rA=",
        "owner": "numtide",
        "repo": "flake-utils",
        "rev": "5aed5285a952e0b949eb3ba02c12fa4fcfef535f",
        "type": "github"
      },
      "original": {
        "owner": "numtide",
        "repo": "flake-utils",
        "type": "github"
      }
    },
    "flake-utils_2": {
      "locked": {
        "lastModified": 1642700792,
        "narHash": "sha256-XqHrk7hFb+zBvRg6Ghl+AZDq03ov6OshJLiSWOoX5es=",
        "owner": "numtide",
        "repo": "flake-utils",
        "rev": "846b2ae0fc4cc943637d3d1def4454213e203cba",
        "type": "github"
      },
      "original": {
        "owner": "numtide",
        "repo": "flake-utils",
        "type": "github"
      }
    },
    "flake-utils_3": {
      "locked": {
        "lastModified": 1659877975,
        "narHash": "sha256-zllb8aq3YO3h8B/U0/J1WBgAL8EX5yWf5pMj3G0NAmc=",
        "owner": "numtide",
        "repo": "flake-utils",
        "rev": "c0e246b9b83f637f4681389ecabcb2681b4f3af0",
        "type": "github"
      },
      "original": {
        "owner": "numtide",
        "repo": "flake-utils",
        "type": "github"
      }
    },
    "home-manager": {
      "inputs": {
        "nixpkgs": [
          "nixpkgs"
        ],
        "utils": "utils"
      },
      "locked": {
        "lastModified": 1672244468,
        "narHash": "sha256-xaZb8AZqoXRCSqPusCk4ouf+fUNP8UJdafmMTF1Ltlw=",
        "owner": "nix-community",
        "repo": "home-manager",
        "rev": "89a8ba0b5b43b3350ff2e3ef37b66736b2ef8706",
        "type": "github"
      },
      "original": {
        "owner": "nix-community",
        "ref": "release-22.11",
        "repo": "home-manager",
        "type": "github"
      }
    },
    "lambda-pirate": {
      "inputs": {
        "fenix": "fenix_2",
        "flake-utils": "flake-utils_2",
        "nixpkgs": [
          "nixpkgs"
        ]
      },
      "locked": {
        "lastModified": 1644844632,
        "narHash": "sha256-nMHz089ymz6lrudTviaODcCFAylT/b/03cNBrCCNUho=",
        "owner": "pogobanane",
        "repo": "lambda-pirate",
        "rev": "b92bcdd8ce0352e5d87b2eb626e1c75dd49ab1a1",
        "type": "github"
      },
      "original": {
        "owner": "pogobanane",
        "repo": "lambda-pirate",
        "type": "github"
      }
    },
    "nixos-hardware": {
      "locked": {
        "lastModified": 1674550793,
        "narHash": "sha256-ljJlIFQZwtBbzWqWTmmw2O5BFmQf1A/DspwMOQtGXHk=",
        "owner": "NixOS",
        "repo": "nixos-hardware",
        "rev": "b7ac0a56029e4f9e6743b9993037a5aaafd57103",
        "type": "github"
      },
      "original": {
        "owner": "NixOS",
        "ref": "master",
        "repo": "nixos-hardware",
        "type": "github"
      }
    },
    "nixpkgs": {
      "locked": {
        "lastModified": 1638376152,
        "narHash": "sha256-ucgLpVqhFnClH7YRUHBHnmiOd82RZdFR3XJt36ks5fE=",
        "owner": "nixos",
        "repo": "nixpkgs",
        "rev": "6daa4a5c045d40e6eae60a3b6e427e8700f1c07f",
        "type": "github"
      },
      "original": {
        "owner": "nixos",
        "ref": "nixos-unstable",
        "repo": "nixpkgs",
        "type": "github"
      }
    },
    "nixpkgs-stable": {
      "locked": {
        "lastModified": 1675546052,
        "narHash": "sha256-se6/J+etJ0eyVue4kJLM44RXnzAkoV//7lCQEGh6pjM=",
        "owner": "NixOS",
        "repo": "nixpkgs",
        "rev": "b372d5f424a71860caa386e5229c6d643d92c71a",
        "type": "github"
      },
      "original": {
        "owner": "NixOS",
        "ref": "release-22.11",
        "repo": "nixpkgs",
        "type": "github"
      }
    },
    "nixpkgs_2": {
      "locked": {
        "lastModified": 1674333941,
        "narHash": "sha256-jelQS56nVVFXGOZg6yUZ/3QWgU1Loa4Bzd4+TEPJX+c=",
        "owner": "Nixos",
        "repo": "nixpkgs",
        "rev": "339fc3dcc98f39d08496fb90c0d6b5fb81519246",
        "type": "github"
      },
      "original": {
        "owner": "Nixos",
        "ref": "nixos-22.11",
        "repo": "nixpkgs",
        "type": "github"
      }
    },
    "nixpkgs_3": {
      "locked": {
        "lastModified": 1664642704,
        "narHash": "sha256-+t1N3pE2ofXS+t6rK0sVJwg4pCNW9VUQpQM/Rs9xXDI=",
        "owner": "NixOS",
        "repo": "nixpkgs",
        "rev": "85106f3741545a818b16e9dd04232115f946948c",
        "type": "github"
      },
      "original": {
        "owner": "NixOS",
        "repo": "nixpkgs",
        "type": "github"
      }
    },
    "nur": {
      "locked": {
        "lastModified": 1674539207,
        "narHash": "sha256-s/32usXhbKW809XYtSo4OCuMePlVL3st7rIXtCkT8ag=",
        "owner": "nix-community",
        "repo": "NUR",
        "rev": "fc725f971b90692112de4ee8a570f8956d14b211",
        "type": "github"
      },
      "original": {
        "owner": "nix-community",
        "repo": "NUR",
        "type": "github"
      }
    },
    "retiolum": {
      "locked": {
        "lastModified": 1674411331,
        "narHash": "sha256-VzeHpYrDMDnKOpSNdzNXl2SrH/L9OlkvYwOi4cc8+60=",
        "owner": "Mic92",
        "repo": "retiolum",
        "rev": "5885f2351cc42b9866140e5a1174797b4e2d84ba",
        "type": "github"
      },
      "original": {
        "owner": "Mic92",
        "repo": "retiolum",
        "type": "github"
      }
    },
    "root": {
      "inputs": {
        "ctile": "ctile",
        "discord-tar": "discord-tar",
        "fenix": "fenix",
        "flake-utils": "flake-utils",
        "home-manager": "home-manager",
        "lambda-pirate": "lambda-pirate",
        "nixos-hardware": "nixos-hardware",
        "nixpkgs": "nixpkgs_2",
        "nur": "nur",
        "retiolum": "retiolum",
        "sops-nix": "sops-nix",
        "tex2nix": "tex2nix",
        "unstablepkgs": "unstablepkgs"
      }
    },
    "rust-analyzer-src": {
      "flake": false,
      "locked": {
        "lastModified": 1638362177,
        "narHash": "sha256-f502pAc90mJ9WcU7/lv0TfCm22PMtM55Kw4BF4SGjNk=",
        "owner": "rust-analyzer",
        "repo": "rust-analyzer",
        "rev": "4691a0647b2c96cc475d8bbe7c31fe194d1443e7",
        "type": "github"
      },
      "original": {
        "owner": "rust-analyzer",
        "ref": "nightly",
        "repo": "rust-analyzer",
        "type": "github"
      }
    },
    "rust-analyzer-src_2": {
      "flake": false,
      "locked": {
        "lastModified": 1643220707,
        "narHash": "sha256-XMBer+U/1WqPu25aJs/LkMxrnJnEKiezsAtfSpkkPik=",
        "owner": "rust-analyzer",
        "repo": "rust-analyzer",
        "rev": "e149a15edd354dd0f995532d16a3e8dc21367e06",
        "type": "github"
      },
      "original": {
        "owner": "rust-analyzer",
        "ref": "nightly",
        "repo": "rust-analyzer",
        "type": "github"
      }
    },
    "sops-nix": {
      "inputs": {
        "nixpkgs": [
          "nixpkgs"
        ],
        "nixpkgs-stable": "nixpkgs-stable"
      },
      "locked": {
        "lastModified": 1675416630,
        "narHash": "sha256-JDoAi4ceoddcIIZLoswfzsJeEHDe1ZIbAJcn4Zy6N3U=",
        "owner": "pogobanane",
        "repo": "sops-nix",
        "rev": "e4b99135e5581fc37548fd00d802c817e5f66b69",
        "type": "github"
      },
      "original": {
        "owner": "pogobanane",
        "ref": "feat/home-manager-rebased",
        "repo": "sops-nix",
        "type": "github"
      }
    },
    "tex2nix": {
      "inputs": {
        "flake-utils": "flake-utils_3",
        "nixpkgs": "nixpkgs_3"
      },
      "locked": {
        "lastModified": 1671620613,
        "narHash": "sha256-QJaDy+y77/XiSMGxcV029gnDRgjakUfr+PrZNJDtQC8=",
        "owner": "Mic92",
        "repo": "tex2nix",
        "rev": "9ec1c0cd8eecf938f4954c53755c4564679486d9",
        "type": "github"
      },
      "original": {
        "owner": "Mic92",
        "repo": "tex2nix",
        "type": "github"
      }
    },
    "unstablepkgs": {
      "locked": {
        "lastModified": 1674459583,
        "narHash": "sha256-L0UZl/u2H3HGsrhN+by42c5kNYeKtdmJiPzIRvEVeiM=",
        "owner": "Nixos",
        "repo": "nixpkgs",
        "rev": "1b1f50645af2a70dc93eae18bfd88d330bfbcf7f",
        "type": "github"
      },
      "original": {
        "owner": "Nixos",
        "ref": "nixos-unstable",
        "repo": "nixpkgs",
        "type": "github"
      }
    },
    "utils": {
      "locked": {
        "lastModified": 1667395993,
        "narHash": "sha256-nuEHfE/LcWyuSWnS8t12N1wc105Qtau+/OdUAjtQ0rA=",
        "owner": "numtide",
        "repo": "flake-utils",
        "rev": "5aed5285a952e0b949eb3ba02c12fa4fcfef535f",
        "type": "github"
      },
      "original": {
        "owner": "numtide",
        "repo": "flake-utils",
        "type": "github"
      }
    }
  },
  "root": "root",
  "version": 7
}
