{
  "nodes": {
    "fenix": {
      "inputs": {
        "nixpkgs": "nixpkgs",
        "rust-analyzer-src": "rust-analyzer-src"
      },
      "locked": {
        "lastModified": 1630463394,
        "narHash": "sha256-X0RBhYZf8HNTgP3NOlXIisQFP420xSXEspxQ6tjQ9k8=",
        "owner": "nix-community",
        "repo": "fenix",
        "rev": "a1c76e71cefa4e9b311f55988d6b21b627c93c45",
        "type": "github"
      },
      "original": {
        "owner": "nix-community",
        "repo": "fenix",
        "type": "github"
      }
    },
    "flake-utils": {
      "locked": {
        "lastModified": 1629481132,
        "narHash": "sha256-JHgasjPR0/J1J3DRm4KxM4zTyAj4IOJY8vIl75v/kPI=",
        "owner": "numtide",
        "repo": "flake-utils",
        "rev": "997f7efcb746a9c140ce1f13c72263189225f482",
        "type": "github"
      },
      "original": {
        "owner": "numtide",
        "repo": "flake-utils",
        "type": "github"
      }
    },
    "home-manager": {
      "inputs": {
        "nixpkgs": [
          "nixpkgs"
        ]
      },
      "locked": {
        "lastModified": 1643297255,
        "narHash": "sha256-fKkSbAk2+9iFVhFkVpxi/x0K7Jn7bprtv8axt4duPBo=",
        "owner": "nix-community",
        "repo": "home-manager",
        "rev": "8d3fe1366b8b6c4748a847d1e3b41a73269caaee",
        "type": "github"
      },
      "original": {
        "owner": "nix-community",
        "ref": "master",
        "repo": "home-manager",
        "type": "github"
      }
    },
    "lambda-pirate": {
      "inputs": {
        "fenix": "fenix",
        "flake-utils": "flake-utils",
        "nixpkgs": [
          "nixpkgs"
        ]
      },
      "locked": {
        "lastModified": 1634812066,
        "narHash": "sha256-R41GxUaCT9RNlKIntG9lolGcRxfhZo/XuC9bvKW98zk=",
        "owner": "pogobanane",
        "repo": "lambda-pirate",
        "rev": "fdd47536f04688b47eb86a59f00f85e51f3d640f",
        "type": "github"
      },
      "original": {
        "owner": "pogobanane",
        "repo": "lambda-pirate",
        "type": "github"
      }
    },
    "nixos-hardware": {
      "locked": {
        "lastModified": 1641965797,
        "narHash": "sha256-AfxfIzAZbt9aAzpVBn0Bwhd/M4Wix7G91kEjm9H6FPo=",
        "owner": "NixOS",
        "repo": "nixos-hardware",
        "rev": "87a35a0d58f546dc23f37b4f6af575d0e4be6a7a",
        "type": "github"
      },
      "original": {
        "owner": "NixOS",
        "ref": "master",
        "repo": "nixos-hardware",
        "type": "github"
      }
    },
    "nixpkgs": {
      "locked": {
        "lastModified": 1643080866,
        "narHash": "sha256-iO3Z6jw0HEiie8UnXVpq1SxphprDYBXrVzubEa5D4eE=",
        "owner": "nixos",
        "repo": "nixpkgs",
        "rev": "c07b471b52be8fbc49a7dc194e9b37a6e19ee04d",
        "type": "github"
      },
      "original": {
        "owner": "nixos",
        "ref": "nixos-unstable",
        "repo": "nixpkgs",
        "type": "github"
      }
    },
    "nixpkgs_2": {
      "locked": {
        "lastModified": 1643080866,
        "narHash": "sha256-iO3Z6jw0HEiie8UnXVpq1SxphprDYBXrVzubEa5D4eE=",
        "owner": "Nixos",
        "repo": "nixpkgs",
        "rev": "c07b471b52be8fbc49a7dc194e9b37a6e19ee04d",
        "type": "github"
      },
      "original": {
        "owner": "Nixos",
        "ref": "nixos-unstable",
        "repo": "nixpkgs",
        "type": "github"
      }
    },
    "retiolum": {
      "locked": {
        "lastModified": 1643184839,
        "narHash": "sha256-TxbsBpjZlekLux7pG8Me5TORr/2T7jy8dgyaA3dk26I=",
        "owner": "Mic92",
        "repo": "retiolum",
        "rev": "8a44afaec545f0726d1319562ce2e1c450da92a5",
        "type": "github"
      },
      "original": {
        "owner": "Mic92",
        "repo": "retiolum",
        "type": "github"
      }
    },
    "root": {
      "inputs": {
        "home-manager": "home-manager",
        "lambda-pirate": "lambda-pirate",
        "nixos-hardware": "nixos-hardware",
        "nixpkgs": "nixpkgs_2",
        "retiolum": "retiolum"
      }
    },
    "rust-analyzer-src": {
      "flake": false,
      "locked": {
        "lastModified": 1630426544,
        "narHash": "sha256-rBs2MlWoh99M8EPXxKb5+mrZePwCLdnylUHOFBa3SMo=",
        "owner": "rust-analyzer",
        "repo": "rust-analyzer",
        "rev": "535f0726f18187574d47de1a4b78d0d54bc00de8",
        "type": "github"
      },
      "original": {
        "owner": "rust-analyzer",
        "ref": "nightly",
        "repo": "rust-analyzer",
        "type": "github"
      }
    }
  },
  "root": "root",
  "version": 7
}
