{
  "nodes": {
    "fenix": {
      "inputs": {
        "nixpkgs": [
          "lambda-pirate",
          "nixpkgs"
        ],
        "rust-analyzer-src": "rust-analyzer-src"
      },
      "locked": {
        "lastModified": 1643264637,
        "narHash": "sha256-jR8Cke8Ukj0ZcpmHaz+TcpUzL5O1xtiEinzbvx4PMfU=",
        "owner": "nix-community",
        "repo": "fenix",
        "rev": "51cf29a5c001389a5781b4115315dd2012590551",
        "type": "github"
      },
      "original": {
        "owner": "nix-community",
        "repo": "fenix",
        "type": "github"
      }
    },
    "flake-utils": {
      "locked": {
        "lastModified": 1642700792,
        "narHash": "sha256-XqHrk7hFb+zBvRg6Ghl+AZDq03ov6OshJLiSWOoX5es=",
        "owner": "numtide",
        "repo": "flake-utils",
        "rev": "846b2ae0fc4cc943637d3d1def4454213e203cba",
        "type": "github"
      },
      "original": {
        "owner": "numtide",
        "repo": "flake-utils",
        "type": "github"
      }
    },
    "home-manager": {
      "inputs": {
        "nixpkgs": [
          "nixpkgs"
        ]
      },
      "locked": {
        "lastModified": 1644706973,
        "narHash": "sha256-xOyxrhc5V79u0ZNmnPmJbY3ngtp43dNISEmrb8Ie6wQ=",
        "owner": "nix-community",
        "repo": "home-manager",
        "rev": "7c2ae0bdd20ddcaafe41ef669226a1df67f8aa06",
        "type": "github"
      },
      "original": {
        "owner": "nix-community",
        "ref": "master",
        "repo": "home-manager",
        "type": "github"
      }
    },
    "lambda-pirate": {
      "inputs": {
        "fenix": "fenix",
        "flake-utils": "flake-utils",
        "nixpkgs": [
          "nixpkgs"
        ]
      },
      "locked": {
        "lastModified": 1643790739,
        "narHash": "sha256-tClakxlKKqFipbkyb7Qhs2nNa7bWew+yHOAheWyJuOg=",
        "owner": "pogobanane",
        "repo": "lambda-pirate",
        "rev": "b573876ee8d0647d107f5ad0806d2303e0a548a0",
        "type": "github"
      },
      "original": {
        "owner": "pogobanane",
        "repo": "lambda-pirate",
        "type": "github"
      }
    },
    "nixos-hardware": {
      "locked": {
        "lastModified": 1644691988,
        "narHash": "sha256-WoZCvPNlQ/ZaOYLmSTPCl1dfCa4mloaUtS1CfBgwPT8=",
        "owner": "NixOS",
        "repo": "nixos-hardware",
        "rev": "c361b954759195c2ac085fbbed5ad7d513e1585b",
        "type": "github"
      },
      "original": {
        "owner": "NixOS",
        "ref": "master",
        "repo": "nixos-hardware",
        "type": "github"
      }
    },
    "nixpkgs": {
      "locked": {
        "lastModified": 1644472683,
        "narHash": "sha256-sP6iM4NksOYO6NFfTJ96cg+ClPnq6cdY30xKA1iYtyU=",
        "owner": "Nixos",
        "repo": "nixpkgs",
        "rev": "7adc9c14ec74b27358a8df9b973087e351425a79",
        "type": "github"
      },
      "original": {
        "owner": "Nixos",
        "ref": "nixos-21.11",
        "repo": "nixpkgs",
        "type": "github"
      }
    },
    "retiolum": {
      "locked": {
        "lastModified": 1644733753,
        "narHash": "sha256-SAIsImmArXsK4wdN4t3oUAJhGP2T1RUgaxwirHDZuuc=",
        "owner": "Mic92",
        "repo": "retiolum",
        "rev": "362f25a315faacea39ca967c5d17a5b37c7e1d14",
        "type": "github"
      },
      "original": {
        "owner": "Mic92",
        "repo": "retiolum",
        "type": "github"
      }
    },
    "root": {
      "inputs": {
        "home-manager": "home-manager",
        "lambda-pirate": "lambda-pirate",
        "nixos-hardware": "nixos-hardware",
        "nixpkgs": "nixpkgs",
        "retiolum": "retiolum"
      }
    },
    "rust-analyzer-src": {
      "flake": false,
      "locked": {
        "lastModified": 1643220707,
        "narHash": "sha256-XMBer+U/1WqPu25aJs/LkMxrnJnEKiezsAtfSpkkPik=",
        "owner": "rust-analyzer",
        "repo": "rust-analyzer",
        "rev": "e149a15edd354dd0f995532d16a3e8dc21367e06",
        "type": "github"
      },
      "original": {
        "owner": "rust-analyzer",
        "ref": "nightly",
        "repo": "rust-analyzer",
        "type": "github"
      }
    }
  },
  "root": "root",
  "version": 7
}
