{
  "nodes": {
    "fenix": {
      "inputs": {
        "nixpkgs": [
          "lambda-pirate",
          "nixpkgs"
        ],
        "rust-analyzer-src": "rust-analyzer-src"
      },
      "locked": {
        "lastModified": 1643264637,
        "narHash": "sha256-jR8Cke8Ukj0ZcpmHaz+TcpUzL5O1xtiEinzbvx4PMfU=",
        "owner": "nix-community",
        "repo": "fenix",
        "rev": "51cf29a5c001389a5781b4115315dd2012590551",
        "type": "github"
      },
      "original": {
        "owner": "nix-community",
        "repo": "fenix",
        "type": "github"
      }
    },
    "flake-utils": {
      "locked": {
        "lastModified": 1642700792,
        "narHash": "sha256-XqHrk7hFb+zBvRg6Ghl+AZDq03ov6OshJLiSWOoX5es=",
        "owner": "numtide",
        "repo": "flake-utils",
        "rev": "846b2ae0fc4cc943637d3d1def4454213e203cba",
        "type": "github"
      },
      "original": {
        "owner": "numtide",
        "repo": "flake-utils",
        "type": "github"
      }
    },
    "home-manager": {
      "inputs": {
        "nixpkgs": [
          "nixpkgs"
        ]
      },
      "locked": {
        "lastModified": 1648834319,
        "narHash": "sha256-i5Aj4Aw64D/A0X6XW5LxSS4XBnYj7gMz+kN4dpsbdk8=",
        "owner": "nix-community",
        "repo": "home-manager",
        "rev": "0bdbdea2e26c984b096f4f7d10e3c88536a980b0",
        "type": "github"
      },
      "original": {
        "owner": "nix-community",
        "ref": "release-21.11",
        "repo": "home-manager",
        "type": "github"
      }
    },
    "lambda-pirate": {
      "inputs": {
        "fenix": "fenix",
        "flake-utils": "flake-utils",
        "nixpkgs": [
          "nixpkgs"
        ]
      },
      "locked": {
        "lastModified": 1644844632,
        "narHash": "sha256-nMHz089ymz6lrudTviaODcCFAylT/b/03cNBrCCNUho=",
        "owner": "pogobanane",
        "repo": "lambda-pirate",
        "rev": "b92bcdd8ce0352e5d87b2eb626e1c75dd49ab1a1",
        "type": "github"
      },
      "original": {
        "owner": "pogobanane",
        "repo": "lambda-pirate",
        "type": "github"
      }
    },
    "nixos-hardware": {
      "locked": {
        "lastModified": 1649660850,
        "narHash": "sha256-x8ZE4B+EuA9dCEJKNzT59yQjzotVMnGYU5GMoqMLk3A=",
        "owner": "NixOS",
        "repo": "nixos-hardware",
        "rev": "f4160a629bac3538939a3005c8b5c7fb320bcf59",
        "type": "github"
      },
      "original": {
        "owner": "NixOS",
        "ref": "master",
        "repo": "nixos-hardware",
        "type": "github"
      }
    },
    "nixpkgs": {
      "locked": {
        "lastModified": 1649537291,
        "narHash": "sha256-V6VYIwTeI5BCfYK9f5EsMbjsjsis1rUDHMsaDbTvt+A=",
        "owner": "Nixos",
        "repo": "nixpkgs",
        "rev": "715dc137b08213aabbbe0965b78ab938e5d8d3b7",
        "type": "github"
      },
      "original": {
        "owner": "Nixos",
        "ref": "nixos-21.11",
        "repo": "nixpkgs",
        "type": "github"
      }
    },
    "nur": {
      "locked": {
        "lastModified": 1649663939,
        "narHash": "sha256-Wwtm2OjXHOCmKhCCggwcanlAY7K72hEJQs11mzx5b6A=",
        "owner": "nix-community",
        "repo": "NUR",
        "rev": "46dee4539765ac3602d82d9fdf383c1f4309e304",
        "type": "github"
      },
      "original": {
        "owner": "nix-community",
        "repo": "NUR",
        "type": "github"
      }
    },
    "retiolum": {
      "locked": {
        "lastModified": 1648029612,
        "narHash": "sha256-ByaauCCU5h2Rn+b4z4Bu997nfQlTkvYxV2y3x92rdPo=",
        "owner": "Mic92",
        "repo": "retiolum",
        "rev": "b49ab42ef8b54a5c550a06ff342203f6e86a1faa",
        "type": "github"
      },
      "original": {
        "owner": "Mic92",
        "repo": "retiolum",
        "type": "github"
      }
    },
    "root": {
      "inputs": {
        "home-manager": "home-manager",
        "lambda-pirate": "lambda-pirate",
        "nixos-hardware": "nixos-hardware",
        "nixpkgs": "nixpkgs",
        "nur": "nur",
        "retiolum": "retiolum",
        "sops-nix": "sops-nix",
        "stablepkgs": "stablepkgs"
      }
    },
    "rust-analyzer-src": {
      "flake": false,
      "locked": {
        "lastModified": 1643220707,
        "narHash": "sha256-XMBer+U/1WqPu25aJs/LkMxrnJnEKiezsAtfSpkkPik=",
        "owner": "rust-analyzer",
        "repo": "rust-analyzer",
        "rev": "e149a15edd354dd0f995532d16a3e8dc21367e06",
        "type": "github"
      },
      "original": {
        "owner": "rust-analyzer",
        "ref": "nightly",
        "repo": "rust-analyzer",
        "type": "github"
      }
    },
    "sops-nix": {
      "inputs": {
        "nixpkgs": [
          "nixpkgs"
        ]
      },
      "locked": {
        "lastModified": 1647279403,
        "narHash": "sha256-ZsHfMah9+TElcjaENsaOIFHBNNtSbXmyLFVbiJiAECs=",
        "owner": "Mic92",
        "repo": "sops-nix",
        "rev": "c01f48b055ac776f9831c9d4a0fff83e3b74dbe3",
        "type": "github"
      },
      "original": {
        "owner": "Mic92",
        "repo": "sops-nix",
        "type": "github"
      }
    },
    "stablepkgs": {
      "locked": {
        "lastModified": 1649537291,
        "narHash": "sha256-V6VYIwTeI5BCfYK9f5EsMbjsjsis1rUDHMsaDbTvt+A=",
        "owner": "Nixos",
        "repo": "nixpkgs",
        "rev": "715dc137b08213aabbbe0965b78ab938e5d8d3b7",
        "type": "github"
      },
      "original": {
        "owner": "Nixos",
        "ref": "nixos-21.11",
        "repo": "nixpkgs",
        "type": "github"
      }
    }
  },
  "root": "root",
  "version": 7
}
