{
  "nodes": {
    "fenix": {
      "inputs": {
        "naersk": "naersk",
        "nixpkgs": [
          "nixpkgs"
        ],
        "rust-analyzer-src": "rust-analyzer-src"
      },
      "locked": {
        "lastModified": 1623122201,
        "narHash": "sha256-6MEkwx5roRBBNuuvqK3ssVXYh7x6sO75xp9iUyMLaJo=",
        "owner": "nix-community",
        "repo": "fenix",
        "rev": "eec53d88f4f60c29368f5dbc5dac99b461aaeef7",
        "type": "github"
      },
      "original": {
        "owner": "nix-community",
        "repo": "fenix",
        "type": "github"
      }
    },
    "flake-utils": {
      "locked": {
        "lastModified": 1622445595,
        "narHash": "sha256-m+JRe6Wc5OZ/mKw2bB3+Tl0ZbtyxxxfnAWln8Q5qs+Y=",
        "owner": "numtide",
        "repo": "flake-utils",
        "rev": "7d706970d94bc5559077eb1a6600afddcd25a7c8",
        "type": "github"
      },
      "original": {
        "owner": "numtide",
        "repo": "flake-utils",
        "type": "github"
      }
    },
    "home-manager": {
      "inputs": {
        "nixpkgs": [
          "nixpkgs"
        ]
      },
      "locked": {
        "lastModified": 1627267207,
        "narHash": "sha256-chP4cF4yV0ZUI9E0zwm5KFmRJJ8sHnGrSaKzRKOMioU=",
        "owner": "nix-community",
        "repo": "home-manager",
        "rev": "addc78bea024c85860d60d9682a1ed2664fdf2f6",
        "type": "github"
      },
      "original": {
        "owner": "nix-community",
        "ref": "master",
        "repo": "home-manager",
        "type": "github"
      }
    },
    "lambda-pirate": {
      "inputs": {
        "fenix": "fenix",
        "flake-utils": "flake-utils",
        "nixpkgs": [
          "nixpkgs"
        ]
      },
      "locked": {
        "lastModified": 1623140173,
        "narHash": "sha256-32Mbfmi+Qy+8qB9Sy/7zuH2t/Xgs9jUVlWNT3qJmyrE=",
        "owner": "pogobanane",
        "repo": "lambda-pirate",
        "rev": "5995e723ab738078a41a1160be707f1f95fd56d5",
        "type": "github"
      },
      "original": {
        "owner": "pogobanane",
        "repo": "lambda-pirate",
        "type": "github"
      }
    },
    "naersk": {
      "inputs": {
        "nixpkgs": [
          "nixpkgs"
        ]
      },
      "locked": {
        "lastModified": 1622810282,
        "narHash": "sha256-4wmvM3/xfD0hCdNDIXVzRMfL4yB1J+DjH6Zte2xbAxk=",
        "owner": "nmattia",
        "repo": "naersk",
        "rev": "e8061169e1495871b56be97c5c51d310fae01374",
        "type": "github"
      },
      "original": {
        "owner": "nmattia",
        "repo": "naersk",
        "type": "github"
      }
    },
    "nixpkgs": {
      "locked": {
        "lastModified": 1627170405,
        "narHash": "sha256-6t7ISnt0Iqc2jxIf5+/su6eFmZNWnPAOA1JeOv9lLRE=",
        "owner": "Nixos",
        "repo": "nixpkgs",
        "rev": "ecaf3da9340231e5493eccc3db87604a3705da42",
        "type": "github"
      },
      "original": {
        "owner": "Nixos",
        "ref": "nixos-unstable-small",
        "repo": "nixpkgs",
        "type": "github"
      }
    },
    "retiolum": {
      "locked": {
        "lastModified": 1626847476,
        "narHash": "sha256-gGU5azGlAUEkrXhC654obeOQmJjYj49rgk/3YF4JAfI=",
        "owner": "Mic92",
        "repo": "retiolum",
        "rev": "d49a97cfc54a519aa7dc80f0900f017288826857",
        "type": "github"
      },
      "original": {
        "owner": "Mic92",
        "repo": "retiolum",
        "type": "github"
      }
    },
    "root": {
      "inputs": {
        "home-manager": "home-manager",
        "lambda-pirate": "lambda-pirate",
        "nixpkgs": "nixpkgs",
        "retiolum": "retiolum"
      }
    },
    "rust-analyzer-src": {
      "flake": false,
      "locked": {
        "lastModified": 1623091578,
        "narHash": "sha256-qVVOE8RN7jqRoOjxCBbT9+c4RhR48keP4yWaRrl4leo=",
        "owner": "rust-analyzer",
        "repo": "rust-analyzer",
        "rev": "590472607c9629fdd37e3f6f33dacfdc2a3f56cc",
        "type": "github"
      },
      "original": {
        "owner": "rust-analyzer",
        "ref": "nightly",
        "repo": "rust-analyzer",
        "type": "github"
      }
    }
  },
  "root": "root",
  "version": 7
}
